[{<<"common">>,
  {git,"https://github.com/joq62/common.git",
       {ref,"a1f2b2e128bc499e341b299b5aebbf443cf52704"}},
  0},
 {<<"config_app">>,
  {git,"https://github.com/joq62/config_app.git",
       {ref,"cdec85aec8a225cbc5aab186780776786de93133"}},
  0},
 {<<"nodelog">>,
  {git,"https://github.com/joq62/nodelog.git",
       {ref,"19b33a2c02fc8a7cd0c5353e7d28ad90b431aca4"}},
  0},
 {<<"sd_app">>,
  {git,"https://github.com/joq62/sd_app.git",
       {ref,"371a53fcd894a6e7026fa3d50d70f4f52587be3f"}},
  0}].
